# This file is automatically @generated by Cargo.
# It is not intended for manual editing.
version = 3

[[package]]
name = "deviding-workloads-in-threads"
version = "0.1.0"

[[package]]
name = "rust-fearless-concurrency"
version = "0.1.0"

[[package]]
name = "sharing-data-in-threads"
version = "0.1.0"
